
Microsoft Visual Studio Solution File, Format Version 11.00
# Visual Studio 2010
Project("{8BC9CEB8-8B4A-11D0-8D11-00A0C91BC942}") = "WidgetFactory", "WidgetFactory\WidgetFactory.vcxproj", "{830F41D4-837F-4C04-9F68-0E89AD9803C8}"
EndProject
Global
	GlobalSection(SolutionConfigurationPlatforms) = preSolution
		Debug|Win32 = Debug|Win32
		Release|Win32 = Release|Win32
	EndGlobalSection
	GlobalSection(ProjectConfigurationPlatforms) = postSolution
		{830F41D4-837F-4C04-9F68-0E89AD9803C8}.Debug|Win32.ActiveCfg = Debug|Win32
		{830F41D4-837F-4C04-9F68-0E89AD9803C8}.Debug|Win32.Build.0 = Debug|Win32
		{830F41D4-837F-4C04-9F68-0E89AD9803C8}.Release|Win32.ActiveCfg = Release|Win32
		{830F41D4-837F-4C04-9F68-0E89AD9803C8}.Release|Win32.Build.0 = Release|Win32
	EndGlobalSection
	GlobalSection(SolutionProperties) = preSolution
		HideSolutionNode = FALSE
	EndGlobalSection
EndGlobal
